
Microsoft Visual Studio Solution File, Format Version 12.00
# Visual Studio 2012
Project("{FAE04EC0-301F-11D3-BF4B-00C04F79EFBC}") = "InvoiceDemo", "src\InvoiceDemo3\InvoiceDemo.csproj", "{8275CB80-E3B9-4336-B4E5-D8BBB5F11C6F}"
EndProject
Global
	GlobalSection(SolutionConfigurationPlatforms) = preSolution
		Debug|x64 = Debug|x64
		Release|x64 = Release|x64
	EndGlobalSection
	GlobalSection(ProjectConfigurationPlatforms) = postSolution
		{8275CB80-E3B9-4336-B4E5-D8BBB5F11C6F}.Debug|x64.ActiveCfg = Debug|x64
		{8275CB80-E3B9-4336-B4E5-D8BBB5F11C6F}.Debug|x64.Build.0 = Debug|x64
		{8275CB80-E3B9-4336-B4E5-D8BBB5F11C6F}.Release|x64.ActiveCfg = Release|x64
		{8275CB80-E3B9-4336-B4E5-D8BBB5F11C6F}.Release|x64.Build.0 = Release|x64
	EndGlobalSection
	GlobalSection(SolutionProperties) = preSolution
		HideSolutionNode = FALSE
	EndGlobalSection
EndGlobal
